
Microsoft Visual Studio Solution File, Format Version 12.00
# Visual Studio 15
VisualStudioVersion = 15.0.28307.438
MinimumVisualStudioVersion = 10.0.40219.1
Project("{8BC9CEB8-8B4A-11D0-8D11-00A0C91BC942}") = "ObjSingleIndexBufferConverter", "ObjSingleIndexBufferConverter\ObjSingleIndexBufferConverter.vcxproj", "{17337EF6-6975-4821-B41C-47BB0B6484AB}"
EndProject
Project("{8BC9CEB8-8B4A-11D0-8D11-00A0C91BC942}") = "BinaryMeshFormat", "hrsf\dependencies\bmf\BinaryMeshFormat\BinaryMeshFormat.vcxproj", "{45231001-F53F-4EFD-8194-25A0C34159D1}"
EndProject
Project("{8BC9CEB8-8B4A-11D0-8D11-00A0C91BC942}") = "HardwareRendererSceneFormat", "hrsf\HardwareRendererSceneFormat\HardwareRendererSceneFormat.vcxproj", "{B936D831-0F4E-45A3-9DA2-43AA4D05AFF5}"
EndProject
Global
	GlobalSection(SolutionConfigurationPlatforms) = preSolution
		Debug|x64 = Debug|x64
		Debug|x86 = Debug|x86
		Release|x64 = Release|x64
		Release|x86 = Release|x86
	EndGlobalSection
	GlobalSection(ProjectConfigurationPlatforms) = postSolution
		{17337EF6-6975-4821-B41C-47BB0B6484AB}.Debug|x64.ActiveCfg = Debug|x64
		{17337EF6-6975-4821-B41C-47BB0B6484AB}.Debug|x64.Build.0 = Debug|x64
		{17337EF6-6975-4821-B41C-47BB0B6484AB}.Debug|x86.ActiveCfg = Debug|Win32
		{17337EF6-6975-4821-B41C-47BB0B6484AB}.Debug|x86.Build.0 = Debug|Win32
		{17337EF6-6975-4821-B41C-47BB0B6484AB}.Release|x64.ActiveCfg = Release|x64
		{17337EF6-6975-4821-B41C-47BB0B6484AB}.Release|x64.Build.0 = Release|x64
		{17337EF6-6975-4821-B41C-47BB0B6484AB}.Release|x86.ActiveCfg = Release|Win32
		{17337EF6-6975-4821-B41C-47BB0B6484AB}.Release|x86.Build.0 = Release|Win32
		{45231001-F53F-4EFD-8194-25A0C34159D1}.Debug|x64.ActiveCfg = Debug|x64
		{45231001-F53F-4EFD-8194-25A0C34159D1}.Debug|x64.Build.0 = Debug|x64
		{45231001-F53F-4EFD-8194-25A0C34159D1}.Debug|x86.ActiveCfg = Debug|Win32
		{45231001-F53F-4EFD-8194-25A0C34159D1}.Debug|x86.Build.0 = Debug|Win32
		{45231001-F53F-4EFD-8194-25A0C34159D1}.Release|x64.ActiveCfg = Release|x64
		{45231001-F53F-4EFD-8194-25A0C34159D1}.Release|x64.Build.0 = Release|x64
		{45231001-F53F-4EFD-8194-25A0C34159D1}.Release|x86.ActiveCfg = Release|Win32
		{45231001-F53F-4EFD-8194-25A0C34159D1}.Release|x86.Build.0 = Release|Win32
		{B936D831-0F4E-45A3-9DA2-43AA4D05AFF5}.Debug|x64.ActiveCfg = Debug|x64
		{B936D831-0F4E-45A3-9DA2-43AA4D05AFF5}.Debug|x64.Build.0 = Debug|x64
		{B936D831-0F4E-45A3-9DA2-43AA4D05AFF5}.Debug|x86.ActiveCfg = Debug|Win32
		{B936D831-0F4E-45A3-9DA2-43AA4D05AFF5}.Debug|x86.Build.0 = Debug|Win32
		{B936D831-0F4E-45A3-9DA2-43AA4D05AFF5}.Release|x64.ActiveCfg = Release|x64
		{B936D831-0F4E-45A3-9DA2-43AA4D05AFF5}.Release|x64.Build.0 = Release|x64
		{B936D831-0F4E-45A3-9DA2-43AA4D05AFF5}.Release|x86.ActiveCfg = Release|Win32
		{B936D831-0F4E-45A3-9DA2-43AA4D05AFF5}.Release|x86.Build.0 = Release|Win32
	EndGlobalSection
	GlobalSection(SolutionProperties) = preSolution
		HideSolutionNode = FALSE
	EndGlobalSection
	GlobalSection(ExtensibilityGlobals) = postSolution
		SolutionGuid = {97292244-01CA-4DDA-AEE0-DD1B38C25365}
	EndGlobalSection
EndGlobal
